// !$*UTF8*$!
{
	archiveVersion = 1;
	classes = {
	};
	objectVersion = 51;
	objects = {

/* Begin PBXBuildFile section */
		4B125F6C252F028A00E31C2B /* FeedController.swift in Sources */ = {isa = PBXBuildFile; fileRef = 4B125F6B252F028A00E31C2B /* FeedController.swift */; };
		4B125F6E252F02E300E31C2B /* SearchController.swift in Sources */ = {isa = PBXBuildFile; fileRef = 4B125F6D252F02E300E31C2B /* SearchController.swift */; };
		4B125F70252F02F100E31C2B /* NotificationsController.swift in Sources */ = {isa = PBXBuildFile; fileRef = 4B125F6F252F02F100E31C2B /* NotificationsController.swift */; };
		4B125F72252F030800E31C2B /* ConversationsController.swift in Sources */ = {isa = PBXBuildFile; fileRef = 4B125F71252F030800E31C2B /* ConversationsController.swift */; };
		4B151FD6253CC765003F46E6 /* UploadPostViewModel.swift in Sources */ = {isa = PBXBuildFile; fileRef = 4B151FD5253CC765003F46E6 /* UploadPostViewModel.swift */; };
		4B2D49002554AB2200BD6CC9 /* MapKit.framework in Frameworks */ = {isa = PBXBuildFile; fileRef = 4B2D48FF2554AB2200BD6CC9 /* MapKit.framework */; };
		4B2DA3522538A4E500A3182F /* UserCell.swift in Sources */ = {isa = PBXBuildFile; fileRef = 4B2DA3512538A4E500A3182F /* UserCell.swift */; };
		4B2DA355253A058800A3182F /* PostController.swift in Sources */ = {isa = PBXBuildFile; fileRef = 4B2DA354253A058800A3182F /* PostController.swift */; };
		4B2DA359253A093700A3182F /* PostHeader.swift in Sources */ = {isa = PBXBuildFile; fileRef = 4B2DA358253A093700A3182F /* PostHeader.swift */; };
		4B384CAB25382E13003CECD2 /* ProfileFilterView.swift in Sources */ = {isa = PBXBuildFile; fileRef = 4B384CAA25382E13003CECD2 /* ProfileFilterView.swift */; };
		4B384CAE253831D6003CECD2 /* ProfileFilterCell.swift in Sources */ = {isa = PBXBuildFile; fileRef = 4B384CAD253831D6003CECD2 /* ProfileFilterCell.swift */; };
		4B384CB125383B06003CECD2 /* ProfileHeaderViewModel.swift in Sources */ = {isa = PBXBuildFile; fileRef = 4B384CB025383B05003CECD2 /* ProfileHeaderViewModel.swift */; };
		4B3BF2AD2531D2B700F38822 /* AuthService.swift in Sources */ = {isa = PBXBuildFile; fileRef = 4B3BF2AC2531D2B700F38822 /* AuthService.swift */; };
		4B3BF2B025321B8400F38822 /* UserService.swift in Sources */ = {isa = PBXBuildFile; fileRef = 4B3BF2AF25321B8400F38822 /* UserService.swift */; };
		4B3BF2B32532222400F38822 /* User.swift in Sources */ = {isa = PBXBuildFile; fileRef = 4B3BF2B22532222400F38822 /* User.swift */; };
		4B3BF2DB25324F7200F38822 /* UploadPostController.swift in Sources */ = {isa = PBXBuildFile; fileRef = 4B3BF2DA25324F7200F38822 /* UploadPostController.swift */; };
		4B5C5E652523629100DCFE3E /* MainTabController.swift in Sources */ = {isa = PBXBuildFile; fileRef = 4B5C5E642523629100DCFE3E /* MainTabController.swift */; };
		4B60979C2546E05900E2437A /* EditProfileHeader.swift in Sources */ = {isa = PBXBuildFile; fileRef = 4B60979B2546E05900E2437A /* EditProfileHeader.swift */; };
		4B60979F254722E800E2437A /* EditProfileViewModel.swift in Sources */ = {isa = PBXBuildFile; fileRef = 4B60979E254722E800E2437A /* EditProfileViewModel.swift */; };
		4B6097A22547233600E2437A /* EditProfileCell.swift in Sources */ = {isa = PBXBuildFile; fileRef = 4B6097A12547233600E2437A /* EditProfileCell.swift */; };
		4B643E50254AD99600049ECE /* RunController.swift in Sources */ = {isa = PBXBuildFile; fileRef = 4B643E4F254AD99600049ECE /* RunController.swift */; };
		4B643E53254ADFD400049ECE /* Location.swift in Sources */ = {isa = PBXBuildFile; fileRef = 4B643E52254ADFD300049ECE /* Location.swift */; };
		4B6625E22541C85C00FE0AC7 /* NotificationViewModel.swift in Sources */ = {isa = PBXBuildFile; fileRef = 4B6625E12541C85C00FE0AC7 /* NotificationViewModel.swift */; };
		4B867C722534DB6E0016B94D /* Post.swift in Sources */ = {isa = PBXBuildFile; fileRef = 4B867C712534DB6E0016B94D /* Post.swift */; };
		4B867C752534FA0B0016B94D /* PostCell.swift in Sources */ = {isa = PBXBuildFile; fileRef = 4B867C742534FA0B0016B94D /* PostCell.swift */; };
		4B91F47E252F94B6002458CA /* LoginController.swift in Sources */ = {isa = PBXBuildFile; fileRef = 4B91F47D252F94B6002458CA /* LoginController.swift */; };
		4B91F482252F953C002458CA /* RegistrationController.swift in Sources */ = {isa = PBXBuildFile; fileRef = 4B91F481252F953C002458CA /* RegistrationController.swift */; };
		4B93ECED2551CEC700BB57FF /* RunService.swift in Sources */ = {isa = PBXBuildFile; fileRef = 4B93ECEC2551CEC600BB57FF /* RunService.swift */; };
		4B93ECF32552C75600BB57FF /* RunSummaryController.swift in Sources */ = {isa = PBXBuildFile; fileRef = 4B93ECF22552C75600BB57FF /* RunSummaryController.swift */; };
		4B94BB292559550200E158BC /* RunViewModel.swift in Sources */ = {isa = PBXBuildFile; fileRef = 4B94BB282559550200E158BC /* RunViewModel.swift */; };
		4B957A91252F6B4100C12263 /* Extensions.swift in Sources */ = {isa = PBXBuildFile; fileRef = 4B957A90252F6B4000C12263 /* Extensions.swift */; };
		4B95DA5425370C0B00FF4A2B /* ProfileHeader.swift in Sources */ = {isa = PBXBuildFile; fileRef = 4B95DA5325370C0B00FF4A2B /* ProfileHeader.swift */; };
		4BA6B92B25496ECD00FAB906 /* EditProfileFooterView.swift in Sources */ = {isa = PBXBuildFile; fileRef = 4BA6B92A25496ECD00FAB906 /* EditProfileFooterView.swift */; };
		4BA6B92E2549899600FAB906 /* NewMessageController.swift in Sources */ = {isa = PBXBuildFile; fileRef = 4BA6B92D2549899600FAB906 /* NewMessageController.swift */; };
		4BB69EDB2541809700259D9A /* NotificationCell.swift in Sources */ = {isa = PBXBuildFile; fileRef = 4BB69EDA2541809700259D9A /* NotificationCell.swift */; };
		4BC390A02546DA1700DF5F1E /* EditProfileController.swift in Sources */ = {isa = PBXBuildFile; fileRef = 4BC3909F2546DA1700DF5F1E /* EditProfileController.swift */; };
		4BC84FEE2531C9F3002B07B3 /* Constants.swift in Sources */ = {isa = PBXBuildFile; fileRef = 4BC84FED2531C9F3002B07B3 /* Constants.swift */; };
		4BD214E525349FA100FEE09E /* InputTextView.swift in Sources */ = {isa = PBXBuildFile; fileRef = 4BD214E425349FA100FEE09E /* InputTextView.swift */; };
		4BD214E92534A44E00FEE09E /* PostService.swift in Sources */ = {isa = PBXBuildFile; fileRef = 4BD214E82534A44E00FEE09E /* PostService.swift */; };
		4BD6FAF6254168D700143E99 /* Notification.swift in Sources */ = {isa = PBXBuildFile; fileRef = 4BD6FAF5254168D700143E99 /* Notification.swift */; };
		4BD6FAF925416B1100143E99 /* NotificationService.swift in Sources */ = {isa = PBXBuildFile; fileRef = 4BD6FAF825416B1000143E99 /* NotificationService.swift */; };
		4BD9C8F9253EABB00086A450 /* ActionSheetLauncher.swift in Sources */ = {isa = PBXBuildFile; fileRef = 4BD9C8F8253EABB00086A450 /* ActionSheetLauncher.swift */; };
		4BD9C8FC253EB7180086A450 /* ActionSheetCell.swift in Sources */ = {isa = PBXBuildFile; fileRef = 4BD9C8FB253EB7180086A450 /* ActionSheetCell.swift */; };
		4BE5A3B12535B52900A381A8 /* PostViewModel.swift in Sources */ = {isa = PBXBuildFile; fileRef = 4BE5A3B02535B52900A381A8 /* PostViewModel.swift */; };
		4BE5A3B42535BCB900A381A8 /* ProfileController.swift in Sources */ = {isa = PBXBuildFile; fileRef = 4BE5A3B32535BCB900A381A8 /* ProfileController.swift */; };
		4BED470E253ED14900F39250 /* ActionSheetViewModel.swift in Sources */ = {isa = PBXBuildFile; fileRef = 4BED470D253ED14900F39250 /* ActionSheetViewModel.swift */; };
		4BF17AB1252329C300872619 /* AppDelegate.swift in Sources */ = {isa = PBXBuildFile; fileRef = 4BF17AB0252329C300872619 /* AppDelegate.swift */; };
		4BF17AB3252329C300872619 /* SceneDelegate.swift in Sources */ = {isa = PBXBuildFile; fileRef = 4BF17AB2252329C300872619 /* SceneDelegate.swift */; };
		4BF17AB8252329C300872619 /* Main.storyboard in Resources */ = {isa = PBXBuildFile; fileRef = 4BF17AB6252329C300872619 /* Main.storyboard */; };
		4BF17ABA252329CD00872619 /* Assets.xcassets in Resources */ = {isa = PBXBuildFile; fileRef = 4BF17AB9252329CD00872619 /* Assets.xcassets */; };
		4BF17ABD252329CD00872619 /* LaunchScreen.storyboard in Resources */ = {isa = PBXBuildFile; fileRef = 4BF17ABB252329CD00872619 /* LaunchScreen.storyboard */; };
		4BF75B142530D34A00F94EDF /* Utilities.swift in Sources */ = {isa = PBXBuildFile; fileRef = 4BF75B132530D34A00F94EDF /* Utilities.swift */; };
		4BF75B172530ED8300F94EDF /* GoogleService-Info.plist in Resources */ = {isa = PBXBuildFile; fileRef = 4BF75B162530ED8200F94EDF /* GoogleService-Info.plist */; };
		4BFECF852555B67F00C6FEC3 /* StatsController.swift in Sources */ = {isa = PBXBuildFile; fileRef = 4BFECF842555B67F00C6FEC3 /* StatsController.swift */; };
		64DA71BA1B14BDC55105DA94 /* Pods_RunnersAppPt_1.framework in Frameworks */ = {isa = PBXBuildFile; fileRef = 8C71A36941110D7E19DE84A4 /* Pods_RunnersAppPt_1.framework */; };
/* End PBXBuildFile section */

/* Begin PBXFileReference section */
		3A836F3923D55D869CF46B4A /* Pods-RunnersAppPt-1.release.xcconfig */ = {isa = PBXFileReference; includeInIndex = 1; lastKnownFileType = text.xcconfig; name = "Pods-RunnersAppPt-1.release.xcconfig"; path = "Target Support Files/Pods-RunnersAppPt-1/Pods-RunnersAppPt-1.release.xcconfig"; sourceTree = "<group>"; };
		4B125F6B252F028A00E31C2B /* FeedController.swift */ = {isa = PBXFileReference; lastKnownFileType = sourcecode.swift; path = FeedController.swift; sourceTree = "<group>"; };
		4B125F6D252F02E300E31C2B /* SearchController.swift */ = {isa = PBXFileReference; lastKnownFileType = sourcecode.swift; path = SearchController.swift; sourceTree = "<group>"; };
		4B125F6F252F02F100E31C2B /* NotificationsController.swift */ = {isa = PBXFileReference; lastKnownFileType = sourcecode.swift; path = NotificationsController.swift; sourceTree = "<group>"; };
		4B125F71252F030800E31C2B /* ConversationsController.swift */ = {isa = PBXFileReference; lastKnownFileType = sourcecode.swift; path = ConversationsController.swift; sourceTree = "<group>"; };
		4B151FD5253CC765003F46E6 /* UploadPostViewModel.swift */ = {isa = PBXFileReference; lastKnownFileType = sourcecode.swift; path = UploadPostViewModel.swift; sourceTree = "<group>"; };
		4B2D48FF2554AB2200BD6CC9 /* MapKit.framework */ = {isa = PBXFileReference; lastKnownFileType = wrapper.framework; name = MapKit.framework; path = System/Library/Frameworks/MapKit.framework; sourceTree = SDKROOT; };
		4B2DA3512538A4E500A3182F /* UserCell.swift */ = {isa = PBXFileReference; lastKnownFileType = sourcecode.swift; path = UserCell.swift; sourceTree = "<group>"; };
		4B2DA354253A058800A3182F /* PostController.swift */ = {isa = PBXFileReference; lastKnownFileType = sourcecode.swift; path = PostController.swift; sourceTree = "<group>"; };
		4B2DA358253A093700A3182F /* PostHeader.swift */ = {isa = PBXFileReference; lastKnownFileType = sourcecode.swift; path = PostHeader.swift; sourceTree = "<group>"; };
		4B384CAA25382E13003CECD2 /* ProfileFilterView.swift */ = {isa = PBXFileReference; lastKnownFileType = sourcecode.swift; path = ProfileFilterView.swift; sourceTree = "<group>"; };
		4B384CAD253831D6003CECD2 /* ProfileFilterCell.swift */ = {isa = PBXFileReference; lastKnownFileType = sourcecode.swift; path = ProfileFilterCell.swift; sourceTree = "<group>"; };
		4B384CB025383B05003CECD2 /* ProfileHeaderViewModel.swift */ = {isa = PBXFileReference; lastKnownFileType = sourcecode.swift; path = ProfileHeaderViewModel.swift; sourceTree = "<group>"; };
		4B3BF2AC2531D2B700F38822 /* AuthService.swift */ = {isa = PBXFileReference; lastKnownFileType = sourcecode.swift; path = AuthService.swift; sourceTree = "<group>"; };
		4B3BF2AF25321B8400F38822 /* UserService.swift */ = {isa = PBXFileReference; lastKnownFileType = sourcecode.swift; path = UserService.swift; sourceTree = "<group>"; };
		4B3BF2B22532222400F38822 /* User.swift */ = {isa = PBXFileReference; lastKnownFileType = sourcecode.swift; path = User.swift; sourceTree = "<group>"; };
		4B3BF2DA25324F7200F38822 /* UploadPostController.swift */ = {isa = PBXFileReference; lastKnownFileType = sourcecode.swift; path = UploadPostController.swift; sourceTree = "<group>"; };
		4B5C5E642523629100DCFE3E /* MainTabController.swift */ = {isa = PBXFileReference; lastKnownFileType = sourcecode.swift; path = MainTabController.swift; sourceTree = "<group>"; };
		4B60979B2546E05900E2437A /* EditProfileHeader.swift */ = {isa = PBXFileReference; lastKnownFileType = sourcecode.swift; path = EditProfileHeader.swift; sourceTree = "<group>"; };
		4B60979E254722E800E2437A /* EditProfileViewModel.swift */ = {isa = PBXFileReference; lastKnownFileType = sourcecode.swift; path = EditProfileViewModel.swift; sourceTree = "<group>"; };
		4B6097A12547233600E2437A /* EditProfileCell.swift */ = {isa = PBXFileReference; lastKnownFileType = sourcecode.swift; path = EditProfileCell.swift; sourceTree = "<group>"; };
		4B643E4F254AD99600049ECE /* RunController.swift */ = {isa = PBXFileReference; lastKnownFileType = sourcecode.swift; path = RunController.swift; sourceTree = "<group>"; };
		4B643E52254ADFD300049ECE /* Location.swift */ = {isa = PBXFileReference; lastKnownFileType = sourcecode.swift; path = Location.swift; sourceTree = "<group>"; };
		4B6625E12541C85C00FE0AC7 /* NotificationViewModel.swift */ = {isa = PBXFileReference; lastKnownFileType = sourcecode.swift; path = NotificationViewModel.swift; sourceTree = "<group>"; };
		4B867C712534DB6E0016B94D /* Post.swift */ = {isa = PBXFileReference; lastKnownFileType = sourcecode.swift; path = Post.swift; sourceTree = "<group>"; };
		4B867C742534FA0B0016B94D /* PostCell.swift */ = {isa = PBXFileReference; lastKnownFileType = sourcecode.swift; path = PostCell.swift; sourceTree = "<group>"; };
		4B91F47D252F94B6002458CA /* LoginController.swift */ = {isa = PBXFileReference; lastKnownFileType = sourcecode.swift; path = LoginController.swift; sourceTree = "<group>"; };
		4B91F481252F953C002458CA /* RegistrationController.swift */ = {isa = PBXFileReference; lastKnownFileType = sourcecode.swift; path = RegistrationController.swift; sourceTree = "<group>"; };
		4B93ECEC2551CEC600BB57FF /* RunService.swift */ = {isa = PBXFileReference; lastKnownFileType = sourcecode.swift; path = RunService.swift; sourceTree = "<group>"; };
		4B93ECF22552C75600BB57FF /* RunSummaryController.swift */ = {isa = PBXFileReference; lastKnownFileType = sourcecode.swift; path = RunSummaryController.swift; sourceTree = "<group>"; };
		4B94BB282559550200E158BC /* RunViewModel.swift */ = {isa = PBXFileReference; lastKnownFileType = sourcecode.swift; path = RunViewModel.swift; sourceTree = "<group>"; };
		4B957A90252F6B4000C12263 /* Extensions.swift */ = {isa = PBXFileReference; lastKnownFileType = sourcecode.swift; path = Extensions.swift; sourceTree = "<group>"; };
		4B95DA5325370C0B00FF4A2B /* ProfileHeader.swift */ = {isa = PBXFileReference; lastKnownFileType = sourcecode.swift; path = ProfileHeader.swift; sourceTree = "<group>"; };
		4BA6B92A25496ECD00FAB906 /* EditProfileFooterView.swift */ = {isa = PBXFileReference; lastKnownFileType = sourcecode.swift; path = EditProfileFooterView.swift; sourceTree = "<group>"; };
		4BA6B92D2549899600FAB906 /* NewMessageController.swift */ = {isa = PBXFileReference; lastKnownFileType = sourcecode.swift; path = NewMessageController.swift; sourceTree = "<group>"; };
		4BB69EDA2541809700259D9A /* NotificationCell.swift */ = {isa = PBXFileReference; lastKnownFileType = sourcecode.swift; path = NotificationCell.swift; sourceTree = "<group>"; };
		4BC3909F2546DA1700DF5F1E /* EditProfileController.swift */ = {isa = PBXFileReference; lastKnownFileType = sourcecode.swift; path = EditProfileController.swift; sourceTree = "<group>"; };
		4BC84FED2531C9F3002B07B3 /* Constants.swift */ = {isa = PBXFileReference; lastKnownFileType = sourcecode.swift; path = Constants.swift; sourceTree = "<group>"; };
		4BD214E425349FA100FEE09E /* InputTextView.swift */ = {isa = PBXFileReference; lastKnownFileType = sourcecode.swift; path = InputTextView.swift; sourceTree = "<group>"; };
		4BD214E82534A44E00FEE09E /* PostService.swift */ = {isa = PBXFileReference; lastKnownFileType = sourcecode.swift; path = PostService.swift; sourceTree = "<group>"; };
		4BD6FAF5254168D700143E99 /* Notification.swift */ = {isa = PBXFileReference; lastKnownFileType = sourcecode.swift; path = Notification.swift; sourceTree = "<group>"; };
		4BD6FAF825416B1000143E99 /* NotificationService.swift */ = {isa = PBXFileReference; lastKnownFileType = sourcecode.swift; path = NotificationService.swift; sourceTree = "<group>"; };
		4BD9C8F8253EABB00086A450 /* ActionSheetLauncher.swift */ = {isa = PBXFileReference; lastKnownFileType = sourcecode.swift; path = ActionSheetLauncher.swift; sourceTree = "<group>"; };
		4BD9C8FB253EB7180086A450 /* ActionSheetCell.swift */ = {isa = PBXFileReference; lastKnownFileType = sourcecode.swift; path = ActionSheetCell.swift; sourceTree = "<group>"; };
		4BE5A3B02535B52900A381A8 /* PostViewModel.swift */ = {isa = PBXFileReference; lastKnownFileType = sourcecode.swift; path = PostViewModel.swift; sourceTree = "<group>"; };
		4BE5A3B32535BCB900A381A8 /* ProfileController.swift */ = {isa = PBXFileReference; lastKnownFileType = sourcecode.swift; path = ProfileController.swift; sourceTree = "<group>"; };
		4BED470D253ED14900F39250 /* ActionSheetViewModel.swift */ = {isa = PBXFileReference; lastKnownFileType = sourcecode.swift; path = ActionSheetViewModel.swift; sourceTree = "<group>"; };
		4BF17AAD252329C300872619 /* RunnersAppPt-1.app */ = {isa = PBXFileReference; explicitFileType = wrapper.application; includeInIndex = 0; path = "RunnersAppPt-1.app"; sourceTree = BUILT_PRODUCTS_DIR; };
		4BF17AB0252329C300872619 /* AppDelegate.swift */ = {isa = PBXFileReference; lastKnownFileType = sourcecode.swift; path = AppDelegate.swift; sourceTree = "<group>"; };
		4BF17AB2252329C300872619 /* SceneDelegate.swift */ = {isa = PBXFileReference; lastKnownFileType = sourcecode.swift; path = SceneDelegate.swift; sourceTree = "<group>"; };
		4BF17AB7252329C300872619 /* Base */ = {isa = PBXFileReference; lastKnownFileType = file.storyboard; name = Base; path = Base.lproj/Main.storyboard; sourceTree = "<group>"; };
		4BF17AB9252329CD00872619 /* Assets.xcassets */ = {isa = PBXFileReference; lastKnownFileType = folder.assetcatalog; path = Assets.xcassets; sourceTree = "<group>"; };
		4BF17ABC252329CD00872619 /* Base */ = {isa = PBXFileReference; lastKnownFileType = file.storyboard; name = Base; path = Base.lproj/LaunchScreen.storyboard; sourceTree = "<group>"; };
		4BF17ABE252329CD00872619 /* Info.plist */ = {isa = PBXFileReference; lastKnownFileType = text.plist.xml; path = Info.plist; sourceTree = "<group>"; };
		4BF75B132530D34A00F94EDF /* Utilities.swift */ = {isa = PBXFileReference; lastKnownFileType = sourcecode.swift; path = Utilities.swift; sourceTree = "<group>"; };
		4BF75B162530ED8200F94EDF /* GoogleService-Info.plist */ = {isa = PBXFileReference; lastKnownFileType = text.plist; path = "GoogleService-Info.plist"; sourceTree = SOURCE_ROOT; };
		4BFECF842555B67F00C6FEC3 /* StatsController.swift */ = {isa = PBXFileReference; lastKnownFileType = sourcecode.swift; path = StatsController.swift; sourceTree = "<group>"; };
		7E68C4BF3FBFCF3036AF117F /* Pods-RunnersAppPt-1.debug.xcconfig */ = {isa = PBXFileReference; includeInIndex = 1; lastKnownFileType = text.xcconfig; name = "Pods-RunnersAppPt-1.debug.xcconfig"; path = "Target Support Files/Pods-RunnersAppPt-1/Pods-RunnersAppPt-1.debug.xcconfig"; sourceTree = "<group>"; };
		8C71A36941110D7E19DE84A4 /* Pods_RunnersAppPt_1.framework */ = {isa = PBXFileReference; explicitFileType = wrapper.framework; includeInIndex = 0; path = Pods_RunnersAppPt_1.framework; sourceTree = BUILT_PRODUCTS_DIR; };
/* End PBXFileReference section */

/* Begin PBXFrameworksBuildPhase section */
		4BF17AAA252329C300872619 /* Frameworks */ = {
			isa = PBXFrameworksBuildPhase;
			buildActionMask = 2147483647;
			files = (
				4B2D49002554AB2200BD6CC9 /* MapKit.framework in Frameworks */,
				64DA71BA1B14BDC55105DA94 /* Pods_RunnersAppPt_1.framework in Frameworks */,
			);
			runOnlyForDeploymentPostprocessing = 0;
		};
/* End PBXFrameworksBuildPhase section */

/* Begin PBXGroup section */
		4B6097982546E03A00E2437A /* Profile */ = {
			isa = PBXGroup;
			children = (
				4B95DA5325370C0B00FF4A2B /* ProfileHeader.swift */,
				4B384CAD253831D6003CECD2 /* ProfileFilterCell.swift */,
				4B384CAA25382E13003CECD2 /* ProfileFilterView.swift */,
				4B60979B2546E05900E2437A /* EditProfileHeader.swift */,
				4B6097A12547233600E2437A /* EditProfileCell.swift */,
				4BA6B92A25496ECD00FAB906 /* EditProfileFooterView.swift */,
			);
			path = Profile;
			sourceTree = "<group>";
		};
		4B91F47B252F947F002458CA /* Authentication */ = {
			isa = PBXGroup;
			children = (
				4B91F47D252F94B6002458CA /* LoginController.swift */,
				4B91F481252F953C002458CA /* RegistrationController.swift */,
			);
			path = Authentication;
			sourceTree = "<group>";
		};
		4BD214E325349F9100FEE09E /* View */ = {
			isa = PBXGroup;
			children = (
				4B6097982546E03A00E2437A /* Profile */,
				4BD214E425349FA100FEE09E /* InputTextView.swift */,
				4B867C742534FA0B0016B94D /* PostCell.swift */,
				4B2DA3512538A4E500A3182F /* UserCell.swift */,
				4BB69EDA2541809700259D9A /* NotificationCell.swift */,
				4B2DA358253A093700A3182F /* PostHeader.swift */,
				4BD9C8FB253EB7180086A450 /* ActionSheetCell.swift */,
			);
			path = View;
			sourceTree = "<group>";
		};
		4BD6FAFB25416B9A00143E99 /* Tabs */ = {
			isa = PBXGroup;
			children = (
				4B5C5E642523629100DCFE3E /* MainTabController.swift */,
				4B125F6B252F028A00E31C2B /* FeedController.swift */,
				4B125F6D252F02E300E31C2B /* SearchController.swift */,
				4B643E4F254AD99600049ECE /* RunController.swift */,
				4BFECF842555B67F00C6FEC3 /* StatsController.swift */,
				4B125F6F252F02F100E31C2B /* NotificationsController.swift */,
				4B125F71252F030800E31C2B /* ConversationsController.swift */,
			);
			path = Tabs;
			sourceTree = "<group>";
		};
		4BF17AA4252329C300872619 = {
			isa = PBXGroup;
			children = (
				4BF17AAF252329C300872619 /* RunnersAppPt-1 */,
				4BF17AAE252329C300872619 /* Products */,
				7AE7B5378217C33EDAB92B91 /* Pods */,
				8A6794513E1AE923990DEEAE /* Frameworks */,
			);
			sourceTree = "<group>";
		};
		4BF17AAE252329C300872619 /* Products */ = {
			isa = PBXGroup;
			children = (
				4BF17AAD252329C300872619 /* RunnersAppPt-1.app */,
			);
			name = Products;
			sourceTree = "<group>";
		};
		4BF17AAF252329C300872619 /* RunnersAppPt-1 */ = {
			isa = PBXGroup;
			children = (
				4BD214E325349F9100FEE09E /* View */,
				4BF17ACD25235C1000872619 /* Utils */,
				4BF17ACC25235C0200872619 /* Controller */,
				4BF17ACE25235C1300872619 /* API */,
				4BF17ACA25235BF500872619 /* ViewModel */,
				4BF17AC7252329E600872619 /* Model */,
				4BF17AB0252329C300872619 /* AppDelegate.swift */,
				4BF17AB2252329C300872619 /* SceneDelegate.swift */,
				4BF17AB6252329C300872619 /* Main.storyboard */,
				4BF17AB9252329CD00872619 /* Assets.xcassets */,
				4BF17ABB252329CD00872619 /* LaunchScreen.storyboard */,
				4BF17ABE252329CD00872619 /* Info.plist */,
				4BF75B162530ED8200F94EDF /* GoogleService-Info.plist */,
			);
			path = "RunnersAppPt-1";
			sourceTree = "<group>";
		};
		4BF17AC7252329E600872619 /* Model */ = {
			isa = PBXGroup;
			children = (
				4B3BF2B22532222400F38822 /* User.swift */,
				4B867C712534DB6E0016B94D /* Post.swift */,
				4BD6FAF5254168D700143E99 /* Notification.swift */,
				4B643E52254ADFD300049ECE /* Location.swift */,
			);
			name = Model;
			path = "New Group1/Model";
			sourceTree = "<group>";
		};
		4BF17ACA25235BF500872619 /* ViewModel */ = {
			isa = PBXGroup;
			children = (
				4BE5A3B02535B52900A381A8 /* PostViewModel.swift */,
				4B6625E12541C85C00FE0AC7 /* NotificationViewModel.swift */,
				4B384CB025383B05003CECD2 /* ProfileHeaderViewModel.swift */,
				4B151FD5253CC765003F46E6 /* UploadPostViewModel.swift */,
				4BED470D253ED14900F39250 /* ActionSheetViewModel.swift */,
				4B60979E254722E800E2437A /* EditProfileViewModel.swift */,
				4B94BB282559550200E158BC /* RunViewModel.swift */,
			);
			path = ViewModel;
			sourceTree = "<group>";
		};
		4BF17ACC25235C0200872619 /* Controller */ = {
			isa = PBXGroup;
			children = (
				4BD6FAFB25416B9A00143E99 /* Tabs */,
				4B91F47B252F947F002458CA /* Authentication */,
				4B3BF2DA25324F7200F38822 /* UploadPostController.swift */,
				4BE5A3B32535BCB900A381A8 /* ProfileController.swift */,
				4B2DA354253A058800A3182F /* PostController.swift */,
				4BC3909F2546DA1700DF5F1E /* EditProfileController.swift */,
				4B93ECF22552C75600BB57FF /* RunSummaryController.swift */,
				4BA6B92D2549899600FAB906 /* NewMessageController.swift */,
			);
			path = Controller;
			sourceTree = "<group>";
		};
		4BF17ACD25235C1000872619 /* Utils */ = {
			isa = PBXGroup;
			children = (
				4B957A90252F6B4000C12263 /* Extensions.swift */,
				4BF75B132530D34A00F94EDF /* Utilities.swift */,
				4BC84FED2531C9F3002B07B3 /* Constants.swift */,
				4BD9C8F8253EABB00086A450 /* ActionSheetLauncher.swift */,
			);
			path = Utils;
			sourceTree = "<group>";
		};
		4BF17ACE25235C1300872619 /* API */ = {
			isa = PBXGroup;
			children = (
				4B3BF2AC2531D2B700F38822 /* AuthService.swift */,
				4B3BF2AF25321B8400F38822 /* UserService.swift */,
				4BD214E82534A44E00FEE09E /* PostService.swift */,
				4BD6FAF825416B1000143E99 /* NotificationService.swift */,
				4B93ECEC2551CEC600BB57FF /* RunService.swift */,
			);
			path = API;
			sourceTree = "<group>";
		};
		7AE7B5378217C33EDAB92B91 /* Pods */ = {
			isa = PBXGroup;
			children = (
				7E68C4BF3FBFCF3036AF117F /* Pods-RunnersAppPt-1.debug.xcconfig */,
				3A836F3923D55D869CF46B4A /* Pods-RunnersAppPt-1.release.xcconfig */,
			);
			path = Pods;
			sourceTree = "<group>";
		};
		8A6794513E1AE923990DEEAE /* Frameworks */ = {
			isa = PBXGroup;
			children = (
				4B2D48FF2554AB2200BD6CC9 /* MapKit.framework */,
				8C71A36941110D7E19DE84A4 /* Pods_RunnersAppPt_1.framework */,
			);
			name = Frameworks;
			sourceTree = "<group>";
		};
/* End PBXGroup section */

/* Begin PBXNativeTarget section */
		4BF17AAC252329C300872619 /* RunnersAppPt-1 */ = {
			isa = PBXNativeTarget;
			buildConfigurationList = 4BF17AC1252329CD00872619 /* Build configuration list for PBXNativeTarget "RunnersAppPt-1" */;
			buildPhases = (
				E6F5209A70EFDD6EC55C7A8D /* [CP] Check Pods Manifest.lock */,
				4BF17AA9252329C300872619 /* Sources */,
				4BF17AAA252329C300872619 /* Frameworks */,
				4BF17AAB252329C300872619 /* Resources */,
				D24C8501F3EFA515820D8A65 /* [CP] Embed Pods Frameworks */,
			);
			buildRules = (
			);
			dependencies = (
			);
			name = "RunnersAppPt-1";
			productName = "RunnersAppPt-1";
			productReference = 4BF17AAD252329C300872619 /* RunnersAppPt-1.app */;
			productType = "com.apple.product-type.application";
		};
/* End PBXNativeTarget section */

/* Begin PBXProject section */
		4BF17AA5252329C300872619 /* Project object */ = {
			isa = PBXProject;
			attributes = {
				LastSwiftUpdateCheck = 1160;
				LastUpgradeCheck = 1200;
				ORGANIZATIONNAME = "Karol Korzeń";
				TargetAttributes = {
					4BF17AAC252329C300872619 = {
						CreatedOnToolsVersion = 11.6;
					};
				};
			};
			buildConfigurationList = 4BF17AA8252329C300872619 /* Build configuration list for PBXProject "RunnersAppPt-1" */;
			compatibilityVersion = "Xcode 9.3";
			developmentRegion = en;
			hasScannedForEncodings = 0;
			knownRegions = (
				en,
				Base,
			);
			mainGroup = 4BF17AA4252329C300872619;
			productRefGroup = 4BF17AAE252329C300872619 /* Products */;
			projectDirPath = "";
			projectRoot = "";
			targets = (
				4BF17AAC252329C300872619 /* RunnersAppPt-1 */,
			);
		};
/* End PBXProject section */

/* Begin PBXResourcesBuildPhase section */
		4BF17AAB252329C300872619 /* Resources */ = {
			isa = PBXResourcesBuildPhase;
			buildActionMask = 2147483647;
			files = (
				4BF17ABD252329CD00872619 /* LaunchScreen.storyboard in Resources */,
				4BF75B172530ED8300F94EDF /* GoogleService-Info.plist in Resources */,
				4BF17ABA252329CD00872619 /* Assets.xcassets in Resources */,
				4BF17AB8252329C300872619 /* Main.storyboard in Resources */,
			);
			runOnlyForDeploymentPostprocessing = 0;
		};
/* End PBXResourcesBuildPhase section */

/* Begin PBXShellScriptBuildPhase section */
		D24C8501F3EFA515820D8A65 /* [CP] Embed Pods Frameworks */ = {
			isa = PBXShellScriptBuildPhase;
			buildActionMask = 2147483647;
			files = (
			);
			inputFileListPaths = (
				"${PODS_ROOT}/Target Support Files/Pods-RunnersAppPt-1/Pods-RunnersAppPt-1-frameworks-${CONFIGURATION}-input-files.xcfilelist",
			);
			name = "[CP] Embed Pods Frameworks";
			outputFileListPaths = (
				"${PODS_ROOT}/Target Support Files/Pods-RunnersAppPt-1/Pods-RunnersAppPt-1-frameworks-${CONFIGURATION}-output-files.xcfilelist",
			);
			runOnlyForDeploymentPostprocessing = 0;
			shellPath = /bin/sh;
			shellScript = "\"${PODS_ROOT}/Target Support Files/Pods-RunnersAppPt-1/Pods-RunnersAppPt-1-frameworks.sh\"\n";
			showEnvVarsInLog = 0;
		};
		E6F5209A70EFDD6EC55C7A8D /* [CP] Check Pods Manifest.lock */ = {
			isa = PBXShellScriptBuildPhase;
			buildActionMask = 2147483647;
			files = (
			);
			inputFileListPaths = (
			);
			inputPaths = (
				"${PODS_PODFILE_DIR_PATH}/Podfile.lock",
				"${PODS_ROOT}/Manifest.lock",
			);
			name = "[CP] Check Pods Manifest.lock";
			outputFileListPaths = (
			);
			outputPaths = (
				"$(DERIVED_FILE_DIR)/Pods-RunnersAppPt-1-checkManifestLockResult.txt",
			);
			runOnlyForDeploymentPostprocessing = 0;
			shellPath = /bin/sh;
			shellScript = "diff \"${PODS_PODFILE_DIR_PATH}/Podfile.lock\" \"${PODS_ROOT}/Manifest.lock\" > /dev/null\nif [ $? != 0 ] ; then\n    # print error to STDERR\n    echo \"error: The sandbox is not in sync with the Podfile.lock. Run 'pod install' or update your CocoaPods installation.\" >&2\n    exit 1\nfi\n# This output is used by Xcode 'outputs' to avoid re-running this script phase.\necho \"SUCCESS\" > \"${SCRIPT_OUTPUT_FILE_0}\"\n";
			showEnvVarsInLog = 0;
		};
/* End PBXShellScriptBuildPhase section */

/* Begin PBXSourcesBuildPhase section */
		4BF17AA9252329C300872619 /* Sources */ = {
			isa = PBXSourcesBuildPhase;
			buildActionMask = 2147483647;
			files = (
				4B3BF2B025321B8400F38822 /* UserService.swift in Sources */,
				4B125F70252F02F100E31C2B /* NotificationsController.swift in Sources */,
				4BA6B92E2549899600FAB906 /* NewMessageController.swift in Sources */,
				4BD214E525349FA100FEE09E /* InputTextView.swift in Sources */,
				4B384CAE253831D6003CECD2 /* ProfileFilterCell.swift in Sources */,
				4B125F72252F030800E31C2B /* ConversationsController.swift in Sources */,
				4B94BB292559550200E158BC /* RunViewModel.swift in Sources */,
				4B2DA3522538A4E500A3182F /* UserCell.swift in Sources */,
				4BF75B142530D34A00F94EDF /* Utilities.swift in Sources */,
				4BC390A02546DA1700DF5F1E /* EditProfileController.swift in Sources */,
				4BD9C8FC253EB7180086A450 /* ActionSheetCell.swift in Sources */,
				4BF17AB1252329C300872619 /* AppDelegate.swift in Sources */,
				4B643E50254AD99600049ECE /* RunController.swift in Sources */,
				4B6625E22541C85C00FE0AC7 /* NotificationViewModel.swift in Sources */,
				4B957A91252F6B4100C12263 /* Extensions.swift in Sources */,
				4B2DA359253A093700A3182F /* PostHeader.swift in Sources */,
				4B2DA355253A058800A3182F /* PostController.swift in Sources */,
				4BE5A3B42535BCB900A381A8 /* ProfileController.swift in Sources */,
				4B95DA5425370C0B00FF4A2B /* ProfileHeader.swift in Sources */,
				4B6097A22547233600E2437A /* EditProfileCell.swift in Sources */,
				4BFECF852555B67F00C6FEC3 /* StatsController.swift in Sources */,
				4BD214E92534A44E00FEE09E /* PostService.swift in Sources */,
				4B91F47E252F94B6002458CA /* LoginController.swift in Sources */,
				4BD6FAF6254168D700143E99 /* Notification.swift in Sources */,
				4B643E53254ADFD400049ECE /* Location.swift in Sources */,
				4B3BF2AD2531D2B700F38822 /* AuthService.swift in Sources */,
				4BA6B92B25496ECD00FAB906 /* EditProfileFooterView.swift in Sources */,
				4B93ECED2551CEC700BB57FF /* RunService.swift in Sources */,
				4B384CB125383B06003CECD2 /* ProfileHeaderViewModel.swift in Sources */,
				4B3BF2DB25324F7200F38822 /* UploadPostController.swift in Sources */,
				4B3BF2B32532222400F38822 /* User.swift in Sources */,
				4B60979C2546E05900E2437A /* EditProfileHeader.swift in Sources */,
				4BF17AB3252329C300872619 /* SceneDelegate.swift in Sources */,
				4B125F6E252F02E300E31C2B /* SearchController.swift in Sources */,
				4BD6FAF925416B1100143E99 /* NotificationService.swift in Sources */,
				4B5C5E652523629100DCFE3E /* MainTabController.swift in Sources */,
				4BE5A3B12535B52900A381A8 /* PostViewModel.swift in Sources */,
				4B91F482252F953C002458CA /* RegistrationController.swift in Sources */,
				4BED470E253ED14900F39250 /* ActionSheetViewModel.swift in Sources */,
				4B93ECF32552C75600BB57FF /* RunSummaryController.swift in Sources */,
				4BB69EDB2541809700259D9A /* NotificationCell.swift in Sources */,
				4B60979F254722E800E2437A /* EditProfileViewModel.swift in Sources */,
				4B867C722534DB6E0016B94D /* Post.swift in Sources */,
				4B384CAB25382E13003CECD2 /* ProfileFilterView.swift in Sources */,
				4B125F6C252F028A00E31C2B /* FeedController.swift in Sources */,
				4BC84FEE2531C9F3002B07B3 /* Constants.swift in Sources */,
				4BD9C8F9253EABB00086A450 /* ActionSheetLauncher.swift in Sources */,
				4B867C752534FA0B0016B94D /* PostCell.swift in Sources */,
				4B151FD6253CC765003F46E6 /* UploadPostViewModel.swift in Sources */,
			);
			runOnlyForDeploymentPostprocessing = 0;
		};
/* End PBXSourcesBuildPhase section */

/* Begin PBXVariantGroup section */
		4BF17AB6252329C300872619 /* Main.storyboard */ = {
			isa = PBXVariantGroup;
			children = (
				4BF17AB7252329C300872619 /* Base */,
			);
			name = Main.storyboard;
			sourceTree = "<group>";
		};
		4BF17ABB252329CD00872619 /* LaunchScreen.storyboard */ = {
			isa = PBXVariantGroup;
			children = (
				4BF17ABC252329CD00872619 /* Base */,
			);
			name = LaunchScreen.storyboard;
			sourceTree = "<group>";
		};
/* End PBXVariantGroup section */

/* Begin XCBuildConfiguration section */
		4BF17ABF252329CD00872619 /* Debug */ = {
			isa = XCBuildConfiguration;
			buildSettings = {
				ALWAYS_SEARCH_USER_PATHS = NO;
				CLANG_ANALYZER_NONNULL = YES;
				CLANG_ANALYZER_NUMBER_OBJECT_CONVERSION = YES_AGGRESSIVE;
				CLANG_CXX_LANGUAGE_STANDARD = "gnu++14";
				CLANG_CXX_LIBRARY = "libc++";
				CLANG_ENABLE_MODULES = YES;
				CLANG_ENABLE_OBJC_ARC = YES;
				CLANG_ENABLE_OBJC_WEAK = YES;
				CLANG_WARN_BLOCK_CAPTURE_AUTORELEASING = YES;
				CLANG_WARN_BOOL_CONVERSION = YES;
				CLANG_WARN_COMMA = YES;
				CLANG_WARN_CONSTANT_CONVERSION = YES;
				CLANG_WARN_DEPRECATED_OBJC_IMPLEMENTATIONS = YES;
				CLANG_WARN_DIRECT_OBJC_ISA_USAGE = YES_ERROR;
				CLANG_WARN_DOCUMENTATION_COMMENTS = YES;
				CLANG_WARN_EMPTY_BODY = YES;
				CLANG_WARN_ENUM_CONVERSION = YES;
				CLANG_WARN_INFINITE_RECURSION = YES;
				CLANG_WARN_INT_CONVERSION = YES;
				CLANG_WARN_NON_LITERAL_NULL_CONVERSION = YES;
				CLANG_WARN_OBJC_IMPLICIT_RETAIN_SELF = YES;
				CLANG_WARN_OBJC_LITERAL_CONVERSION = YES;
				CLANG_WARN_OBJC_ROOT_CLASS = YES_ERROR;
				CLANG_WARN_QUOTED_INCLUDE_IN_FRAMEWORK_HEADER = YES;
				CLANG_WARN_RANGE_LOOP_ANALYSIS = YES;
				CLANG_WARN_STRICT_PROTOTYPES = YES;
				CLANG_WARN_SUSPICIOUS_MOVE = YES;
				CLANG_WARN_UNGUARDED_AVAILABILITY = YES_AGGRESSIVE;
				CLANG_WARN_UNREACHABLE_CODE = YES;
				CLANG_WARN__DUPLICATE_METHOD_MATCH = YES;
				COPY_PHASE_STRIP = NO;
				DEBUG_INFORMATION_FORMAT = dwarf;
				ENABLE_STRICT_OBJC_MSGSEND = YES;
				ENABLE_TESTABILITY = YES;
				GCC_C_LANGUAGE_STANDARD = gnu11;
				GCC_DYNAMIC_NO_PIC = NO;
				GCC_NO_COMMON_BLOCKS = YES;
				GCC_OPTIMIZATION_LEVEL = 0;
				GCC_PREPROCESSOR_DEFINITIONS = (
					"DEBUG=1",
					"$(inherited)",
				);
				GCC_WARN_64_TO_32_BIT_CONVERSION = YES;
				GCC_WARN_ABOUT_RETURN_TYPE = YES_ERROR;
				GCC_WARN_UNDECLARED_SELECTOR = YES;
				GCC_WARN_UNINITIALIZED_AUTOS = YES_AGGRESSIVE;
				GCC_WARN_UNUSED_FUNCTION = YES;
				GCC_WARN_UNUSED_VARIABLE = YES;
				IPHONEOS_DEPLOYMENT_TARGET = 13.6;
				MTL_ENABLE_DEBUG_INFO = INCLUDE_SOURCE;
				MTL_FAST_MATH = YES;
				ONLY_ACTIVE_ARCH = YES;
				SDKROOT = iphoneos;
				SWIFT_ACTIVE_COMPILATION_CONDITIONS = DEBUG;
				SWIFT_OPTIMIZATION_LEVEL = "-Onone";
			};
			name = Debug;
		};
		4BF17AC0252329CD00872619 /* Release */ = {
			isa = XCBuildConfiguration;
			buildSettings = {
				ALWAYS_SEARCH_USER_PATHS = NO;
				CLANG_ANALYZER_NONNULL = YES;
				CLANG_ANALYZER_NUMBER_OBJECT_CONVERSION = YES_AGGRESSIVE;
				CLANG_CXX_LANGUAGE_STANDARD = "gnu++14";
				CLANG_CXX_LIBRARY = "libc++";
				CLANG_ENABLE_MODULES = YES;
				CLANG_ENABLE_OBJC_ARC = YES;
				CLANG_ENABLE_OBJC_WEAK = YES;
				CLANG_WARN_BLOCK_CAPTURE_AUTORELEASING = YES;
				CLANG_WARN_BOOL_CONVERSION = YES;
				CLANG_WARN_COMMA = YES;
				CLANG_WARN_CONSTANT_CONVERSION = YES;
				CLANG_WARN_DEPRECATED_OBJC_IMPLEMENTATIONS = YES;
				CLANG_WARN_DIRECT_OBJC_ISA_USAGE = YES_ERROR;
				CLANG_WARN_DOCUMENTATION_COMMENTS = YES;
				CLANG_WARN_EMPTY_BODY = YES;
				CLANG_WARN_ENUM_CONVERSION = YES;
				CLANG_WARN_INFINITE_RECURSION = YES;
				CLANG_WARN_INT_CONVERSION = YES;
				CLANG_WARN_NON_LITERAL_NULL_CONVERSION = YES;
				CLANG_WARN_OBJC_IMPLICIT_RETAIN_SELF = YES;
				CLANG_WARN_OBJC_LITERAL_CONVERSION = YES;
				CLANG_WARN_OBJC_ROOT_CLASS = YES_ERROR;
				CLANG_WARN_QUOTED_INCLUDE_IN_FRAMEWORK_HEADER = YES;
				CLANG_WARN_RANGE_LOOP_ANALYSIS = YES;
				CLANG_WARN_STRICT_PROTOTYPES = YES;
				CLANG_WARN_SUSPICIOUS_MOVE = YES;
				CLANG_WARN_UNGUARDED_AVAILABILITY = YES_AGGRESSIVE;
				CLANG_WARN_UNREACHABLE_CODE = YES;
				CLANG_WARN__DUPLICATE_METHOD_MATCH = YES;
				COPY_PHASE_STRIP = NO;
				DEBUG_INFORMATION_FORMAT = "dwarf-with-dsym";
				ENABLE_NS_ASSERTIONS = NO;
				ENABLE_STRICT_OBJC_MSGSEND = YES;
				GCC_C_LANGUAGE_STANDARD = gnu11;
				GCC_NO_COMMON_BLOCKS = YES;
				GCC_WARN_64_TO_32_BIT_CONVERSION = YES;
				GCC_WARN_ABOUT_RETURN_TYPE = YES_ERROR;
				GCC_WARN_UNDECLARED_SELECTOR = YES;
				GCC_WARN_UNINITIALIZED_AUTOS = YES_AGGRESSIVE;
				GCC_WARN_UNUSED_FUNCTION = YES;
				GCC_WARN_UNUSED_VARIABLE = YES;
				IPHONEOS_DEPLOYMENT_TARGET = 13.6;
				MTL_ENABLE_DEBUG_INFO = NO;
				MTL_FAST_MATH = YES;
				SDKROOT = iphoneos;
				SWIFT_COMPILATION_MODE = wholemodule;
				SWIFT_OPTIMIZATION_LEVEL = "-O";
				VALIDATE_PRODUCT = YES;
			};
			name = Release;
		};
		4BF17AC2252329CD00872619 /* Debug */ = {
			isa = XCBuildConfiguration;
			baseConfigurationReference = 7E68C4BF3FBFCF3036AF117F /* Pods-RunnersAppPt-1.debug.xcconfig */;
			buildSettings = {
				ASSETCATALOG_COMPILER_APPICON_NAME = AppIcon;
				CODE_SIGN_STYLE = Automatic;
				DEVELOPMENT_TEAM = NPCV8N7X6J;
				INFOPLIST_FILE = "RunnersAppPt-1/Info.plist";
				LD_RUNPATH_SEARCH_PATHS = (
					"$(inherited)",
					"@executable_path/Frameworks",
				);
				OTHER_SWIFT_FLAGS = "$(inherited) -D COCOAPODS -Xfrontend -warn-long-function-bodies=300 -Xfrontend -warn-long-expression-type-checking=300";
				PRODUCT_BUNDLE_IDENTIFIER = "com.korzen.RunnersAppPt-1";
				PRODUCT_NAME = "$(TARGET_NAME)";
				SWIFT_VERSION = 5.0;
				TARGETED_DEVICE_FAMILY = "1,2";
			};
			name = Debug;
		};
		4BF17AC3252329CD00872619 /* Release */ = {
			isa = XCBuildConfiguration;
			baseConfigurationReference = 3A836F3923D55D869CF46B4A /* Pods-RunnersAppPt-1.release.xcconfig */;
			buildSettings = {
				ASSETCATALOG_COMPILER_APPICON_NAME = AppIcon;
				CODE_SIGN_STYLE = Automatic;
				DEVELOPMENT_TEAM = NPCV8N7X6J;
				INFOPLIST_FILE = "RunnersAppPt-1/Info.plist";
				LD_RUNPATH_SEARCH_PATHS = (
					"$(inherited)",
					"@executable_path/Frameworks",
				);
				OTHER_SWIFT_FLAGS = "$(inherited) -D COCOAPODS -Xfrontend -warn-long-function-bodies=300 -Xfrontend -warn-long-expression-type-checking=300";
				PRODUCT_BUNDLE_IDENTIFIER = "com.korzen.RunnersAppPt-1";
				PRODUCT_NAME = "$(TARGET_NAME)";
				SWIFT_VERSION = 5.0;
				TARGETED_DEVICE_FAMILY = "1,2";
			};
			name = Release;
		};
/* End XCBuildConfiguration section */

/* Begin XCConfigurationList section */
		4BF17AA8252329C300872619 /* Build configuration list for PBXProject "RunnersAppPt-1" */ = {
			isa = XCConfigurationList;
			buildConfigurations = (
				4BF17ABF252329CD00872619 /* Debug */,
				4BF17AC0252329CD00872619 /* Release */,
			);
			defaultConfigurationIsVisible = 0;
			defaultConfigurationName = Release;
		};
		4BF17AC1252329CD00872619 /* Build configuration list for PBXNativeTarget "RunnersAppPt-1" */ = {
			isa = XCConfigurationList;
			buildConfigurations = (
				4BF17AC2252329CD00872619 /* Debug */,
				4BF17AC3252329CD00872619 /* Release */,
			);
			defaultConfigurationIsVisible = 0;
			defaultConfigurationName = Release;
		};
/* End XCConfigurationList section */
	};
	rootObject = 4BF17AA5252329C300872619 /* Project object */;
}
